{
  "name": "avro-test",
  "version": "1.0.0",
  "lockfileVersion": 1,
  "requires": true,
  "dependencies": {
    "avsc": {
      "version": "5.7.1",
      "resolved": "https://registry.npmjs.org/avsc/-/avsc-5.7.1.tgz",
      "integrity": "sha512-DGl7UMd1jmmRmVgEcZyf6H3VL74gkLleZguO42vpk2rTNmnFPJlTSYoO5bgcCY2oOHjNnGkSpb2/lrAZwTZ4Rg=="
    }
  }
}
