{
  "name": "avro-test",
  "version": "1.0.0",
  "lockfileVersion": 1,
  "requires": true,
  "dependencies": {
    "avsc": {
      "version": "5.4.20",
      "resolved": "https://registry.npmjs.org/avsc/-/avsc-5.4.20.tgz",
      "integrity": "sha512-QPn6kswNf4a+ojzor4H8R0GIsVHf/QvsNJrqkt1cvQdhN+6Dx+78MM+NIe05z7yS6adOsq+N2nZWHpYT3z8q7Q=="
    }
  }
}
